
Microsoft Visual Studio Solution File, Format Version 12.00
# Visual Studio Version 17
VisualStudioVersion = 17.13.35825.156 d17.13
MinimumVisualStudioVersion = 10.0.40219.1
Project("{8BC9CEB8-8B4A-11D0-8D11-00A0C91BC942}") = "Змінні та типи даних", "Змінні та типи даних\Змінні та типи даних.vcxproj", "{1F13342B-2010-4DD4-A9B9-F7AA9A044999}"
EndProject
Global
	GlobalSection(SolutionConfigurationPlatforms) = preSolution
		Debug|x64 = Debug|x64
		Debug|x86 = Debug|x86
		Release|x64 = Release|x64
		Release|x86 = Release|x86
	EndGlobalSection
	GlobalSection(ProjectConfigurationPlatforms) = postSolution
		{1F13342B-2010-4DD4-A9B9-F7AA9A044999}.Debug|x64.ActiveCfg = Debug|x64
		{1F13342B-2010-4DD4-A9B9-F7AA9A044999}.Debug|x64.Build.0 = Debug|x64
		{1F13342B-2010-4DD4-A9B9-F7AA9A044999}.Debug|x86.ActiveCfg = Debug|Win32
		{1F13342B-2010-4DD4-A9B9-F7AA9A044999}.Debug|x86.Build.0 = Debug|Win32
		{1F13342B-2010-4DD4-A9B9-F7AA9A044999}.Release|x64.ActiveCfg = Release|x64
		{1F13342B-2010-4DD4-A9B9-F7AA9A044999}.Release|x64.Build.0 = Release|x64
		{1F13342B-2010-4DD4-A9B9-F7AA9A044999}.Release|x86.ActiveCfg = Release|Win32
		{1F13342B-2010-4DD4-A9B9-F7AA9A044999}.Release|x86.Build.0 = Release|Win32
	EndGlobalSection
	GlobalSection(SolutionProperties) = preSolution
		HideSolutionNode = FALSE
	EndGlobalSection
	GlobalSection(ExtensibilityGlobals) = postSolution
		SolutionGuid = {5D13A2B3-259C-4EA8-9285-0FCDB7FAB3CA}
	EndGlobalSection
EndGlobal
